
Microsoft Visual Studio Solution File, Format Version 12.00
# Visual Studio 15
VisualStudioVersion = 15.0.26730.16
MinimumVisualStudioVersion = 10.0.40219.1
Project("{9A19103F-16F7-4668-BE54-9A1E7A4F7556}") = "UsingNameConsoleApp", "ConsoleAppCore\UsingNameConsoleApp.csproj", "{441ED04C-5197-49CD-86D5-8CD553BD7A10}"
EndProject
Project("{FAE04EC0-301F-11D3-BF4B-00C04F79EFBC}") = "UsingNameConsoleAppRefernceApp", "UsingNameConsoleAppRefernceApp\UsingNameConsoleAppRefernceApp.csproj", "{5B79FCD7-937D-43FD-ABD8-CCE0E75942EE}"
EndProject
Global
	GlobalSection(SolutionConfigurationPlatforms) = preSolution
		Debug|Any CPU = Debug|Any CPU
		Release|Any CPU = Release|Any CPU
	EndGlobalSection
	GlobalSection(ProjectConfigurationPlatforms) = postSolution
		{441ED04C-5197-49CD-86D5-8CD553BD7A10}.Debug|Any CPU.ActiveCfg = Debug|Any CPU
		{441ED04C-5197-49CD-86D5-8CD553BD7A10}.Debug|Any CPU.Build.0 = Debug|Any CPU
		{441ED04C-5197-49CD-86D5-8CD553BD7A10}.Release|Any CPU.ActiveCfg = Release|Any CPU
		{441ED04C-5197-49CD-86D5-8CD553BD7A10}.Release|Any CPU.Build.0 = Release|Any CPU
		{5B79FCD7-937D-43FD-ABD8-CCE0E75942EE}.Debug|Any CPU.ActiveCfg = Debug|Any CPU
		{5B79FCD7-937D-43FD-ABD8-CCE0E75942EE}.Debug|Any CPU.Build.0 = Debug|Any CPU
		{5B79FCD7-937D-43FD-ABD8-CCE0E75942EE}.Release|Any CPU.ActiveCfg = Release|Any CPU
		{5B79FCD7-937D-43FD-ABD8-CCE0E75942EE}.Release|Any CPU.Build.0 = Release|Any CPU
	EndGlobalSection
	GlobalSection(SolutionProperties) = preSolution
		HideSolutionNode = FALSE
	EndGlobalSection
	GlobalSection(ExtensibilityGlobals) = postSolution
		SolutionGuid = {755A8BB6-23EB-4C33-AF75-66F538B8AACE}
	EndGlobalSection
EndGlobal
